
Microsoft Visual Studio Solution File, Format Version 12.00
# Visual Studio 15
VisualStudioVersion = 15.0.27428.2015
MinimumVisualStudioVersion = 10.0.40219.1
Project("{FAE04EC0-301F-11D3-BF4B-00C04F79EFBC}") = "GeolocationApp.Android", "GeolocationApp\GeolocationApp.Android\GeolocationApp.Android.csproj", "{5CED251A-3C52-492C-B8A8-0223B3AC82A3}"
EndProject
Project("{FAE04EC0-301F-11D3-BF4B-00C04F79EFBC}") = "GeolocationApp.iOS", "GeolocationApp\GeolocationApp.iOS\GeolocationApp.iOS.csproj", "{4D9E995F-C259-4317-9AE7-D118072769FD}"
EndProject
Project("{FAE04EC0-301F-11D3-BF4B-00C04F79EFBC}") = "GeolocationApp", "GeolocationApp\GeolocationApp\GeolocationApp.csproj", "{05782FF2-FCB5-4CAF-8500-43BE85F07BE2}"
EndProject
Global
	GlobalSection(SolutionConfigurationPlatforms) = preSolution
		Ad-Hoc|Any CPU = Ad-Hoc|Any CPU
		Ad-Hoc|iPhone = Ad-Hoc|iPhone
		Ad-Hoc|iPhoneSimulator = Ad-Hoc|iPhoneSimulator
		AppStore|Any CPU = AppStore|Any CPU
		AppStore|iPhone = AppStore|iPhone
		AppStore|iPhoneSimulator = AppStore|iPhoneSimulator
		Debug|Any CPU = Debug|Any CPU
		Debug|iPhone = Debug|iPhone
		Debug|iPhoneSimulator = Debug|iPhoneSimulator
		Release|Any CPU = Release|Any CPU
		Release|iPhone = Release|iPhone
		Release|iPhoneSimulator = Release|iPhoneSimulator
	EndGlobalSection
	GlobalSection(ProjectConfigurationPlatforms) = postSolution
		{5CED251A-3C52-492C-B8A8-0223B3AC82A3}.Ad-Hoc|Any CPU.ActiveCfg = Release|Any CPU
		{5CED251A-3C52-492C-B8A8-0223B3AC82A3}.Ad-Hoc|Any CPU.Build.0 = Release|Any CPU
		{5CED251A-3C52-492C-B8A8-0223B3AC82A3}.Ad-Hoc|Any CPU.Deploy.0 = Release|Any CPU
		{5CED251A-3C52-492C-B8A8-0223B3AC82A3}.Ad-Hoc|iPhone.ActiveCfg = Release|Any CPU
		{5CED251A-3C52-492C-B8A8-0223B3AC82A3}.Ad-Hoc|iPhone.Build.0 = Release|Any CPU
		{5CED251A-3C52-492C-B8A8-0223B3AC82A3}.Ad-Hoc|iPhone.Deploy.0 = Release|Any CPU
		{5CED251A-3C52-492C-B8A8-0223B3AC82A3}.Ad-Hoc|iPhoneSimulator.ActiveCfg = Release|Any CPU
		{5CED251A-3C52-492C-B8A8-0223B3AC82A3}.Ad-Hoc|iPhoneSimulator.Build.0 = Release|Any CPU
		{5CED251A-3C52-492C-B8A8-0223B3AC82A3}.Ad-Hoc|iPhoneSimulator.Deploy.0 = Release|Any CPU
		{5CED251A-3C52-492C-B8A8-0223B3AC82A3}.AppStore|Any CPU.ActiveCfg = Release|Any CPU
		{5CED251A-3C52-492C-B8A8-0223B3AC82A3}.AppStore|Any CPU.Build.0 = Release|Any CPU
		{5CED251A-3C52-492C-B8A8-0223B3AC82A3}.AppStore|Any CPU.Deploy.0 = Release|Any CPU
		{5CED251A-3C52-492C-B8A8-0223B3AC82A3}.AppStore|iPhone.ActiveCfg = Release|Any CPU
		{5CED251A-3C52-492C-B8A8-0223B3AC82A3}.AppStore|iPhone.Build.0 = Release|Any CPU
		{5CED251A-3C52-492C-B8A8-0223B3AC82A3}.AppStore|iPhone.Deploy.0 = Release|Any CPU
		{5CED251A-3C52-492C-B8A8-0223B3AC82A3}.AppStore|iPhoneSimulator.ActiveCfg = Release|Any CPU
		{5CED251A-3C52-492C-B8A8-0223B3AC82A3}.AppStore|iPhoneSimulator.Build.0 = Release|Any CPU
		{5CED251A-3C52-492C-B8A8-0223B3AC82A3}.AppStore|iPhoneSimulator.Deploy.0 = Release|Any CPU
		{5CED251A-3C52-492C-B8A8-0223B3AC82A3}.Debug|Any CPU.ActiveCfg = Debug|Any CPU
		{5CED251A-3C52-492C-B8A8-0223B3AC82A3}.Debug|Any CPU.Build.0 = Debug|Any CPU
		{5CED251A-3C52-492C-B8A8-0223B3AC82A3}.Debug|Any CPU.Deploy.0 = Debug|Any CPU
		{5CED251A-3C52-492C-B8A8-0223B3AC82A3}.Debug|iPhone.ActiveCfg = Debug|Any CPU
		{5CED251A-3C52-492C-B8A8-0223B3AC82A3}.Debug|iPhone.Build.0 = Debug|Any CPU
		{5CED251A-3C52-492C-B8A8-0223B3AC82A3}.Debug|iPhone.Deploy.0 = Debug|Any CPU
		{5CED251A-3C52-492C-B8A8-0223B3AC82A3}.Debug|iPhoneSimulator.ActiveCfg = Debug|Any CPU
		{5CED251A-3C52-492C-B8A8-0223B3AC82A3}.Debug|iPhoneSimulator.Build.0 = Debug|Any CPU
		{5CED251A-3C52-492C-B8A8-0223B3AC82A3}.Debug|iPhoneSimulator.Deploy.0 = Debug|Any CPU
		{5CED251A-3C52-492C-B8A8-0223B3AC82A3}.Release|Any CPU.ActiveCfg = Release|Any CPU
		{5CED251A-3C52-492C-B8A8-0223B3AC82A3}.Release|Any CPU.Build.0 = Release|Any CPU
		{5CED251A-3C52-492C-B8A8-0223B3AC82A3}.Release|Any CPU.Deploy.0 = Release|Any CPU
		{5CED251A-3C52-492C-B8A8-0223B3AC82A3}.Release|iPhone.ActiveCfg = Release|Any CPU
		{5CED251A-3C52-492C-B8A8-0223B3AC82A3}.Release|iPhone.Build.0 = Release|Any CPU
		{5CED251A-3C52-492C-B8A8-0223B3AC82A3}.Release|iPhone.Deploy.0 = Release|Any CPU
		{5CED251A-3C52-492C-B8A8-0223B3AC82A3}.Release|iPhoneSimulator.ActiveCfg = Release|Any CPU
		{5CED251A-3C52-492C-B8A8-0223B3AC82A3}.Release|iPhoneSimulator.Build.0 = Release|Any CPU
		{5CED251A-3C52-492C-B8A8-0223B3AC82A3}.Release|iPhoneSimulator.Deploy.0 = Release|Any CPU
		{4D9E995F-C259-4317-9AE7-D118072769FD}.Ad-Hoc|Any CPU.ActiveCfg = Ad-Hoc|iPhone
		{4D9E995F-C259-4317-9AE7-D118072769FD}.Ad-Hoc|iPhone.ActiveCfg = Ad-Hoc|iPhone
		{4D9E995F-C259-4317-9AE7-D118072769FD}.Ad-Hoc|iPhone.Build.0 = Ad-Hoc|iPhone
		{4D9E995F-C259-4317-9AE7-D118072769FD}.Ad-Hoc|iPhoneSimulator.ActiveCfg = Ad-Hoc|iPhoneSimulator
		{4D9E995F-C259-4317-9AE7-D118072769FD}.Ad-Hoc|iPhoneSimulator.Build.0 = Ad-Hoc|iPhoneSimulator
		{4D9E995F-C259-4317-9AE7-D118072769FD}.AppStore|Any CPU.ActiveCfg = AppStore|iPhone
		{4D9E995F-C259-4317-9AE7-D118072769FD}.AppStore|iPhone.ActiveCfg = AppStore|iPhone
		{4D9E995F-C259-4317-9AE7-D118072769FD}.AppStore|iPhone.Build.0 = AppStore|iPhone
		{4D9E995F-C259-4317-9AE7-D118072769FD}.AppStore|iPhoneSimulator.ActiveCfg = AppStore|iPhoneSimulator
		{4D9E995F-C259-4317-9AE7-D118072769FD}.AppStore|iPhoneSimulator.Build.0 = AppStore|iPhoneSimulator
		{4D9E995F-C259-4317-9AE7-D118072769FD}.Debug|Any CPU.ActiveCfg = Debug|iPhone
		{4D9E995F-C259-4317-9AE7-D118072769FD}.Debug|iPhone.ActiveCfg = Debug|iPhone
		{4D9E995F-C259-4317-9AE7-D118072769FD}.Debug|iPhone.Build.0 = Debug|iPhone
		{4D9E995F-C259-4317-9AE7-D118072769FD}.Debug|iPhoneSimulator.ActiveCfg = Debug|iPhoneSimulator
		{4D9E995F-C259-4317-9AE7-D118072769FD}.Debug|iPhoneSimulator.Build.0 = Debug|iPhoneSimulator
		{4D9E995F-C259-4317-9AE7-D118072769FD}.Release|Any CPU.ActiveCfg = Release|iPhone
		{4D9E995F-C259-4317-9AE7-D118072769FD}.Release|iPhone.ActiveCfg = Release|iPhone
		{4D9E995F-C259-4317-9AE7-D118072769FD}.Release|iPhone.Build.0 = Release|iPhone
		{4D9E995F-C259-4317-9AE7-D118072769FD}.Release|iPhoneSimulator.ActiveCfg = Release|iPhoneSimulator
		{4D9E995F-C259-4317-9AE7-D118072769FD}.Release|iPhoneSimulator.Build.0 = Release|iPhoneSimulator
		{05782FF2-FCB5-4CAF-8500-43BE85F07BE2}.Ad-Hoc|Any CPU.ActiveCfg = Debug|Any CPU
		{05782FF2-FCB5-4CAF-8500-43BE85F07BE2}.Ad-Hoc|Any CPU.Build.0 = Debug|Any CPU
		{05782FF2-FCB5-4CAF-8500-43BE85F07BE2}.Ad-Hoc|iPhone.ActiveCfg = Debug|Any CPU
		{05782FF2-FCB5-4CAF-8500-43BE85F07BE2}.Ad-Hoc|iPhone.Build.0 = Debug|Any CPU
		{05782FF2-FCB5-4CAF-8500-43BE85F07BE2}.Ad-Hoc|iPhoneSimulator.ActiveCfg = Debug|Any CPU
		{05782FF2-FCB5-4CAF-8500-43BE85F07BE2}.Ad-Hoc|iPhoneSimulator.Build.0 = Debug|Any CPU
		{05782FF2-FCB5-4CAF-8500-43BE85F07BE2}.AppStore|Any CPU.ActiveCfg = Debug|Any CPU
		{05782FF2-FCB5-4CAF-8500-43BE85F07BE2}.AppStore|Any CPU.Build.0 = Debug|Any CPU
		{05782FF2-FCB5-4CAF-8500-43BE85F07BE2}.AppStore|iPhone.ActiveCfg = Debug|Any CPU
		{05782FF2-FCB5-4CAF-8500-43BE85F07BE2}.AppStore|iPhone.Build.0 = Debug|Any CPU
		{05782FF2-FCB5-4CAF-8500-43BE85F07BE2}.AppStore|iPhoneSimulator.ActiveCfg = Debug|Any CPU
		{05782FF2-FCB5-4CAF-8500-43BE85F07BE2}.AppStore|iPhoneSimulator.Build.0 = Debug|Any CPU
		{05782FF2-FCB5-4CAF-8500-43BE85F07BE2}.Debug|Any CPU.ActiveCfg = Debug|Any CPU
		{05782FF2-FCB5-4CAF-8500-43BE85F07BE2}.Debug|Any CPU.Build.0 = Debug|Any CPU
		{05782FF2-FCB5-4CAF-8500-43BE85F07BE2}.Debug|iPhone.ActiveCfg = Debug|Any CPU
		{05782FF2-FCB5-4CAF-8500-43BE85F07BE2}.Debug|iPhone.Build.0 = Debug|Any CPU
		{05782FF2-FCB5-4CAF-8500-43BE85F07BE2}.Debug|iPhoneSimulator.ActiveCfg = Debug|Any CPU
		{05782FF2-FCB5-4CAF-8500-43BE85F07BE2}.Debug|iPhoneSimulator.Build.0 = Debug|Any CPU
		{05782FF2-FCB5-4CAF-8500-43BE85F07BE2}.Release|Any CPU.ActiveCfg = Release|Any CPU
		{05782FF2-FCB5-4CAF-8500-43BE85F07BE2}.Release|Any CPU.Build.0 = Release|Any CPU
		{05782FF2-FCB5-4CAF-8500-43BE85F07BE2}.Release|iPhone.ActiveCfg = Release|Any CPU
		{05782FF2-FCB5-4CAF-8500-43BE85F07BE2}.Release|iPhone.Build.0 = Release|Any CPU
		{05782FF2-FCB5-4CAF-8500-43BE85F07BE2}.Release|iPhoneSimulator.ActiveCfg = Release|Any CPU
		{05782FF2-FCB5-4CAF-8500-43BE85F07BE2}.Release|iPhoneSimulator.Build.0 = Release|Any CPU
	EndGlobalSection
	GlobalSection(SolutionProperties) = preSolution
		HideSolutionNode = FALSE
	EndGlobalSection
	GlobalSection(ExtensibilityGlobals) = postSolution
		SolutionGuid = {2E83865E-EDAB-43DE-8A11-5C135A24D0AF}
	EndGlobalSection
EndGlobal
